{
  "name": "jinjahtml",
  "version": "0.20.0",
  "lockfileVersion": 2,
  "requires": true,
  "packages": {
    "": {
      "name": "jinjahtml",
      "version": "0.20.0",
      "license": "MIT",
      "devDependencies": {
        "prettier": "2.7.1"
      },
      "engines": {
        "vscode": "^1.22.0"
      }
    },
    "node_modules/prettier": {
      "version": "2.7.1",
      "dev": true,
      "license": "MIT",
      "bin": {
        "prettier": "bin-prettier.js"
      },
      "engines": {
        "node": ">=10.13.0"
      },
      "funding": {
        "url": "https://github.com/prettier/prettier?sponsor=1"
      }
    }
  },
  "dependencies": {
    "prettier": {
      "version": "2.7.1",
      "dev": true
    }
  }
}
